{
    "_meta": {
        "hash": {
            "sha256": "b2e81db1b31298e2f2f853df19fcdd3cfa4f0026187ad79a18ba80951fef36ae"
        },
        "pipfile-spec": 6,
        "requires": {},
        "sources": [
            {
                "name": "pypi",
                "url": "https://pypi.org/simple",
                "verify_ssl": true
            }
        ]
    },
    "default": {
        "altgraph": {
            "hashes": [
                "sha256:1f05a47122542f97028caf78775a095fbe6a2699b5089de8477eb583167d69aa",
                "sha256:c623e5f3408ca61d4016f23a681b9adb100802ca3e3da5e718915a9e4052cebe"
            ],
            "version": "==0.17"
        },
        "argon2-cffi": {
            "hashes": [
                "sha256:00e94a65d46c3f6f2ffab769e860efc21f77e55bd8fcdfde422bd07c632b3fcc",
                "sha256:0920cfe813cd82e85c4fa84c8a01801a7cb376a8ed8267a1608e70a886953ac7",
                "sha256:0abe0ab4f3ba927367812a5c345dc6ae7d58129e0c47732746da8058cccdfd55",
                "sha256:13082f670904dcb7f4ef39216139ace2d981f9050a8f3766e566f845e8c634fc",
                "sha256:184fee11f483b9168a32afaea8064abe464c1bb090d320f64f3609f1bbbdb691",
                "sha256:246860c7955aa614518a19277b06dda34902c54535aefd9220d07c774391890e",
                "sha256:27cb7791793a854ca9f9de5cc62e93c1a7812d11d600ef3ca14fe93ae7426799",
                "sha256:49ec16a14e8182ed63daa5d7a13d12da6bfc46eebaac4b238c8d15533b621cf0",
                "sha256:5335f4caae27c00097bdd17c6a07a0ef32f47364cff3141451229c481f82abc6",
                "sha256:61d2b16c08ce5c24f91d2d2917c2300a90bb78672060876a335e1014727ced57",
                "sha256:72fae6bf37c25fdb9b4d30c2b9d658a72ac775249dd132ab3ac03adde619dc14",
                "sha256:73976c0b9d0fc847f967835fce93a9d1c07bf7422f74de2316e25ef6d59ee07e",
                "sha256:748b565d4006a7e9f2b71f9d6ff660b4e150cc38faa29ca1b64b58e238c013b0",
                "sha256:e09d644829887c956478db83c47d1ad26f167b8f08e2ccebc6b78e59aeca60b5",
                "sha256:e27488da690afac92e87cb61ba9cf9a22bff790413f55655ad017456cd58f22c",
                "sha256:f2c7f3cd5fe6770fa21ee3d4bb7ba0e1c207e18ead511d912cbf9571c598c345",
                "sha256:f79045e7673d72ed0f33d78a5e104702f989eb1a0e0eb0ab5534cebc9cdb9142",
                "sha256:ffaa623eea77b497ffbdd1a51e941b33d3bf552c60f14dbee274c4070677bda3"
            ],
            "index": "pypi",
            "version": "==19.2.0"
        },
        "certifi": {
            "hashes": [
                "sha256:017c25db2a153ce562900032d5bc68e9f191e44e9a0f762f373977de9df1fbb3",
                "sha256:25b64c7da4cd7479594d035c08c2d809eb4aab3a26e5a990ea98cc450c320f1f"
            ],
            "version": "==2019.11.28"
        },
        "cffi": {
            "hashes": [
                "sha256:001bf3242a1bb04d985d63e138230802c6c8d4db3668fb545fb5005ddf5bb5ff",
                "sha256:00789914be39dffba161cfc5be31b55775de5ba2235fe49aa28c148236c4e06b",
                "sha256:028a579fc9aed3af38f4892bdcc7390508adabc30c6af4a6e4f611b0c680e6ac",
                "sha256:14491a910663bf9f13ddf2bc8f60562d6bc5315c1f09c704937ef17293fb85b0",
                "sha256:1cae98a7054b5c9391eb3249b86e0e99ab1e02bb0cc0575da191aedadbdf4384",
                "sha256:2089ed025da3919d2e75a4d963d008330c96751127dd6f73c8dc0c65041b4c26",
                "sha256:2d384f4a127a15ba701207f7639d94106693b6cd64173d6c8988e2c25f3ac2b6",
                "sha256:337d448e5a725bba2d8293c48d9353fc68d0e9e4088d62a9571def317797522b",
                "sha256:399aed636c7d3749bbed55bc907c3288cb43c65c4389964ad5ff849b6370603e",
                "sha256:3b911c2dbd4f423b4c4fcca138cadde747abdb20d196c4a48708b8a2d32b16dd",
                "sha256:3d311bcc4a41408cf5854f06ef2c5cab88f9fded37a3b95936c9879c1640d4c2",
                "sha256:62ae9af2d069ea2698bf536dcfe1e4eed9090211dbaafeeedf5cb6c41b352f66",
                "sha256:66e41db66b47d0d8672d8ed2708ba91b2f2524ece3dee48b5dfb36be8c2f21dc",
                "sha256:675686925a9fb403edba0114db74e741d8181683dcf216be697d208857e04ca8",
                "sha256:7e63cbcf2429a8dbfe48dcc2322d5f2220b77b2e17b7ba023d6166d84655da55",
                "sha256:8a6c688fefb4e1cd56feb6c511984a6c4f7ec7d2a1ff31a10254f3c817054ae4",
                "sha256:8c0ffc886aea5df6a1762d0019e9cb05f825d0eec1f520c51be9d198701daee5",
                "sha256:95cd16d3dee553f882540c1ffe331d085c9e629499ceadfbda4d4fde635f4b7d",
                "sha256:99f748a7e71ff382613b4e1acc0ac83bf7ad167fb3802e35e90d9763daba4d78",
                "sha256:b8c78301cefcf5fd914aad35d3c04c2b21ce8629b5e4f4e45ae6812e461910fa",
                "sha256:c420917b188a5582a56d8b93bdd8e0f6eca08c84ff623a4c16e809152cd35793",
                "sha256:c43866529f2f06fe0edc6246eb4faa34f03fe88b64a0a9a942561c8e22f4b71f",
                "sha256:cab50b8c2250b46fe738c77dbd25ce017d5e6fb35d3407606e7a4180656a5a6a",
                "sha256:cef128cb4d5e0b3493f058f10ce32365972c554572ff821e175dbc6f8ff6924f",
                "sha256:cf16e3cf6c0a5fdd9bc10c21687e19d29ad1fe863372b5543deaec1039581a30",
                "sha256:e56c744aa6ff427a607763346e4170629caf7e48ead6921745986db3692f987f",
                "sha256:e577934fc5f8779c554639376beeaa5657d54349096ef24abe8c74c5d9c117c3",
                "sha256:f2b0fa0c01d8a0c7483afd9f31d7ecf2d71760ca24499c8697aeb5ca37dc090c"
            ],
            "version": "==1.14.0"
        },
        "chardet": {
            "hashes": [
                "sha256:84ab92ed1c4d4f16916e05906b6b75a6c0fb5db821cc65e70cbd64a3e2a5eaae",
                "sha256:fc323ffcaeaed0e0a02bf4d117757b98aed530d9ed4531e3e15460124c106691"
            ],
            "version": "==3.0.4"
        },
        "cryptography": {
            "hashes": [
                "sha256:02079a6addc7b5140ba0825f542c0869ff4df9a69c360e339ecead5baefa843c",
                "sha256:1df22371fbf2004c6f64e927668734070a8953362cd8370ddd336774d6743595",
                "sha256:369d2346db5934345787451504853ad9d342d7f721ae82d098083e1f49a582ad",
                "sha256:3cda1f0ed8747339bbdf71b9f38ca74c7b592f24f65cdb3ab3765e4b02871651",
                "sha256:44ff04138935882fef7c686878e1c8fd80a723161ad6a98da31e14b7553170c2",
                "sha256:4b1030728872c59687badcca1e225a9103440e467c17d6d1730ab3d2d64bfeff",
                "sha256:58363dbd966afb4f89b3b11dfb8ff200058fbc3b947507675c19ceb46104b48d",
                "sha256:6ec280fb24d27e3d97aa731e16207d58bd8ae94ef6eab97249a2afe4ba643d42",
                "sha256:7270a6c29199adc1297776937a05b59720e8a782531f1f122f2eb8467f9aab4d",
                "sha256:73fd30c57fa2d0a1d7a49c561c40c2f79c7d6c374cc7750e9ac7c99176f6428e",
                "sha256:7f09806ed4fbea8f51585231ba742b58cbcfbfe823ea197d8c89a5e433c7e912",
                "sha256:90df0cc93e1f8d2fba8365fb59a858f51a11a394d64dbf3ef844f783844cc793",
                "sha256:971221ed40f058f5662a604bd1ae6e4521d84e6cad0b7b170564cc34169c8f13",
                "sha256:a518c153a2b5ed6b8cc03f7ae79d5ffad7315ad4569b2d5333a13c38d64bd8d7",
                "sha256:b0de590a8b0979649ebeef8bb9f54394d3a41f66c5584fff4220901739b6b2f0",
                "sha256:b43f53f29816ba1db8525f006fa6f49292e9b029554b3eb56a189a70f2a40879",
                "sha256:d31402aad60ed889c7e57934a03477b572a03af7794fa8fb1780f21ea8f6551f",
                "sha256:de96157ec73458a7f14e3d26f17f8128c959084931e8997b9e655a39c8fde9f9",
                "sha256:df6b4dca2e11865e6cfbfb708e800efb18370f5a46fd601d3755bc7f85b3a8a2",
                "sha256:ecadccc7ba52193963c0475ac9f6fa28ac01e01349a2ca48509667ef41ffd2cf",
                "sha256:fb81c17e0ebe3358486cd8cc3ad78adbae58af12fc2bf2bc0bb84e8090fa5ce8"
            ],
            "index": "pypi",
            "version": "==2.8"
        },
        "idna": {
            "hashes": [
                "sha256:7588d1c14ae4c77d74036e8c22ff447b26d0fde8f007354fd48a7814db15b7cb",
                "sha256:a068a21ceac8a4d63dbfd964670474107f541babbd2250d61922f029858365fa"
            ],
            "version": "==2.9"
        },
        "logzero": {
            "hashes": [
                "sha256:34fa1e2e436dfa9f37e5ff8750e932bafe0c5abbb42e1f669e4cf5ce1f179142",
                "sha256:818072e4fcb53a3f6fb4114a92f920e1135fe6f47bffd9dc2b6c4d10eedacf27"
            ],
            "index": "pypi",
            "version": "==1.5.0"
        },
        "macholib": {
            "hashes": [
                "sha256:0c436bc847e7b1d9bda0560351bf76d7caf930fb585a828d13608839ef42c432",
                "sha256:c500f02867515e6c60a27875b408920d18332ddf96b4035ef03beddd782d4281"
            ],
            "version": "==1.14"
        },
        "pathlib": {
            "hashes": [
                "sha256:6940718dfc3eff4258203ad5021090933e5c04707d5ca8cc9e73c94a7894ea9f"
            ],
            "index": "pypi",
            "version": "==1.0.1"
        },
        "pycparser": {
            "hashes": [
                "sha256:2d475327684562c3a96cc71adf7dc8c4f0565175cf86b6d7a404ff4c771f15f0",
                "sha256:7582ad22678f0fcd81102833f60ef8d0e57288b6b5fb00323d101be910e35705"
            ],
            "version": "==2.20"
        },
        "pyinstaller": {
            "hashes": [
                "sha256:3730fa80d088f8bb7084d32480eb87cbb4ddb64123363763cf8f2a1378c1c4b7"
            ],
            "index": "pypi",
            "version": "==3.6"
        },
        "pyqt5": {
            "hashes": [
                "sha256:14737bb4673868d15fa91dad79fe293d7a93d76c56d01b3757b350b8dcb32b2d",
                "sha256:1936c321301f678d4e6703d52860e1955e5c4964e6fd00a1f86725ce5c29083c",
                "sha256:3f79de6e9f29e858516cc36ffc2b992e262af841f3799246aec282b76a3eccdf",
                "sha256:509daab1c5aca22e3cf9508128abf38e6e5ae311d7426b21f4189ffd66b196e9"
            ],
            "index": "pypi",
            "version": "==5.13.2"
        },
        "pyqt5-sip": {
            "hashes": [
                "sha256:1115728644bbadcde5fc8a16e7918bd31915a42dd6fb36b10d4afb78c582753e",
                "sha256:1f4289276d355b6521dc2cc956189315da6f13adfb6bbab8f25ebd15e3bce1d4",
                "sha256:288c6dc18a8d6a20981c07b715b5695d9b66880778565f3792bc6e38f14f20fb",
                "sha256:3f665376d9e52faa9855c3736a66ce6d825f85c86d7774d3c393f09da23f4f86",
                "sha256:6b4860c4305980db509415d0af802f111d15f92016c9422eb753bc8883463456",
                "sha256:7ffa39763097f64de129cf5cc770a651c3f65d2466b4fe05bef2bd2efbaa38e6",
                "sha256:8a18e6f45d482ddfe381789979d09ee13aa6450caa3a0476503891bccb3ac709",
                "sha256:8da842d3d7bf8931d1093105fb92702276b6dbb7e801abbaaa869405d616171a",
                "sha256:b42021229424aa44e99b3b49520b799fd64ff6ae8b53f79f903bbd85719a28e4",
                "sha256:b5b4906445fe980aee76f20400116b6904bf5f30d0767489c13370e42a764020",
                "sha256:c1e730a9eb2ec3869ed5d81b0f99f6e2460fb4d77750444c0ec183b771d798f7",
                "sha256:cbeeae6b45234a1654657f79943f8bccd3d14b4e7496746c62cf6fbce69442c7",
                "sha256:d46b0f8effc554de52a1466b1bd80e5cb4bce635a75ac4e7ad6247c965dec5b9",
                "sha256:e28c3abc9b62a1b7e796891648b9f14f8167b31c8e7990fae79654777252bb4d",
                "sha256:e6078f5ee7d31c102910d0c277a110e1c2a20a3fc88cd017a39e170120586d3f",
                "sha256:ee1a12f09d5af2304273bfd2f6b43835c1467d5ed501a6c95f5405637fa7750a",
                "sha256:f314f31f5fd39b06897f013f425137e511d45967150eb4e424a363d8138521c6"
            ],
            "version": "==12.7.1"
        },
        "pyqt5-stubs": {
            "hashes": [
                "sha256:c396d3a6de0e92b3d9465aa318e945464b7fa35bceeae1e68e5233715c8a0c90"
            ],
            "index": "pypi",
            "version": "==5.13.1.4"
        },
        "pytz": {
            "hashes": [
                "sha256:1c557d7d0e871de1f5ccd5833f60fb2550652da6be2693c1e02300743d21500d",
                "sha256:b02c06db6cf09c12dd25137e563b31700d3b80fcc4ad23abb7a315f2789819be"
            ],
            "index": "pypi",
            "version": "==2019.3"
        },
        "qtmodern": {
            "hashes": [
                "sha256:57e62617656494a9d8a27ac3bd51ae3ae61a265f43b92d6f6ea59dc8bed2179d",
                "sha256:d433a54fbb400d49790aff65d35f203de2a8cc67795ac5bb04c5e766433fafae"
            ],
            "index": "pypi",
            "version": "==0.2.0"
        },
        "qtpy": {
            "hashes": [
                "sha256:2db72c44b55d0fe1407be8fba35c838ad0d6d3bb81f23007886dc1fc0f459c8d",
                "sha256:fa0b8363b363e89b2a6f49eddc162a04c0699ae95e109a6be3bb145a913190ea"
            ],
            "index": "pypi",
            "version": "==1.9.0"
        },
        "requests": {
            "hashes": [
                "sha256:43999036bfa82904b6af1d99e4882b560e5e2c68e5c4b0aa03b655f3d7d73fee",
                "sha256:b3f43d496c6daba4493e7c431722aeb7dbc6288f52a6e04e7b6023b0247817e6"
            ],
            "index": "pypi",
            "version": "==2.23.0"
        },
        "six": {
            "hashes": [
                "sha256:236bdbdce46e6e6a3d61a337c0f8b763ca1e8717c03b369e87a7ec7ce1319c0a",
                "sha256:8f3cd2e254d8f793e7f3d6d9df77b92252b52637291d0f0da013c76ea2724b6c"
            ],
            "version": "==1.14.0"
        },
        "sqlalchemy": {
            "hashes": [
                "sha256:64a7b71846db6423807e96820993fa12a03b89127d278290ca25c0b11ed7b4fb"
            ],
            "index": "pypi",
            "version": "==1.3.13"
        },
        "tzlocal": {
            "hashes": [
                "sha256:11c9f16e0a633b4b60e1eede97d8a46340d042e67b670b290ca526576e039048",
                "sha256:949b9dd5ba4be17190a80c0268167d7e6c92c62b30026cf9764caf3e308e5590"
            ],
            "index": "pypi",
            "version": "==2.0.0"
        },
        "urllib3": {
            "hashes": [
                "sha256:2f3db8b19923a873b3e5256dc9c2dedfa883e33d87c690d9c7913e1f40673cdc",
                "sha256:87716c2d2a7121198ebcb7ce7cccf6ce5e9ba539041cfbaeecfb641dc0bf6acc"
            ],
            "version": "==1.25.8"
        }
    },
    "develop": {
        "altgraph": {
            "hashes": [
                "sha256:1f05a47122542f97028caf78775a095fbe6a2699b5089de8477eb583167d69aa",
                "sha256:c623e5f3408ca61d4016f23a681b9adb100802ca3e3da5e718915a9e4052cebe"
            ],
            "version": "==0.17"
        },
        "macholib": {
            "hashes": [
                "sha256:0c436bc847e7b1d9bda0560351bf76d7caf930fb585a828d13608839ef42c432",
                "sha256:c500f02867515e6c60a27875b408920d18332ddf96b4035ef03beddd782d4281"
            ],
            "version": "==1.14"
        },
        "pyinstaller": {
            "hashes": [
                "sha256:3730fa80d088f8bb7084d32480eb87cbb4ddb64123363763cf8f2a1378c1c4b7"
            ],
            "index": "pypi",
            "version": "==3.6"
        }
    }
}
